# This file is autogenerated, do not edit; changes may be undone by the next 'dep ensure'.


[[projects]]
  branch = "master"
  name = "github.com/gonum/stat"
  packages = ["combin"]
  revision = "41a0da705a5b2a95346ddc3135b60499c8d38a40"

[solve-meta]
  analyzer-name = "dep"
  analyzer-version = 1
  inputs-digest = "61eec3d7fc9b5d589e99cad4dd5327a6eb227ff000598c12f8d29d399093ee09"
  solver-name = "gps-cdcl"
  solver-version = 1
